
Microsoft Visual Studio Solution File, Format Version 12.00
# Visual Studio Version 17
VisualStudioVersion = 17.1.32328.378
MinimumVisualStudioVersion = 10.0.40219.1
Project("{9A19103F-16F7-4668-BE54-9A1E7A4F7556}") = "BookStoreApp.API", "BookStoreApp.API\BookStoreApp.API.csproj", "{6B7B0FF2-C416-4D3A-8280-19BF023CC452}"
EndProject
Project("{9A19103F-16F7-4668-BE54-9A1E7A4F7556}") = "BookStoreApp.Blazor.Server.UI", "BookStoreApp.Blazor.Server.UI\BookStoreApp.Blazor.Server.UI.csproj", "{7FAA92F6-7B24-4577-8774-AA23B129EED8}"
EndProject
Global
	GlobalSection(SolutionConfigurationPlatforms) = preSolution
		Debug|Any CPU = Debug|Any CPU
		Release|Any CPU = Release|Any CPU
	EndGlobalSection
	GlobalSection(ProjectConfigurationPlatforms) = postSolution
		{6B7B0FF2-C416-4D3A-8280-19BF023CC452}.Debug|Any CPU.ActiveCfg = Debug|Any CPU
		{6B7B0FF2-C416-4D3A-8280-19BF023CC452}.Debug|Any CPU.Build.0 = Debug|Any CPU
		{6B7B0FF2-C416-4D3A-8280-19BF023CC452}.Release|Any CPU.ActiveCfg = Release|Any CPU
		{6B7B0FF2-C416-4D3A-8280-19BF023CC452}.Release|Any CPU.Build.0 = Release|Any CPU
		{7FAA92F6-7B24-4577-8774-AA23B129EED8}.Debug|Any CPU.ActiveCfg = Debug|Any CPU
		{7FAA92F6-7B24-4577-8774-AA23B129EED8}.Debug|Any CPU.Build.0 = Debug|Any CPU
		{7FAA92F6-7B24-4577-8774-AA23B129EED8}.Release|Any CPU.ActiveCfg = Release|Any CPU
		{7FAA92F6-7B24-4577-8774-AA23B129EED8}.Release|Any CPU.Build.0 = Release|Any CPU
	EndGlobalSection
	GlobalSection(SolutionProperties) = preSolution
		HideSolutionNode = FALSE
	EndGlobalSection
	GlobalSection(ExtensibilityGlobals) = postSolution
		SolutionGuid = {540F1EEB-0198-4C09-9B76-1607A36EA1EE}
	EndGlobalSection
EndGlobal
